
Microsoft Visual Studio Solution File, Format Version 12.00
# Visual Studio Version 17
VisualStudioVersion = 17.3.32929.385
MinimumVisualStudioVersion = 10.0.40219.1
Project("{9A19103F-16F7-4668-BE54-9A1E7A4F7556}") = "DemonTweaks", "DemonTweaks\DemonTweaks.csproj", "{02ACD107-54E8-4EBB-9EFA-1DF49E46256A}"
EndProject
Global
	GlobalSection(SolutionConfigurationPlatforms) = preSolution
		Debug|Any CPU = Debug|Any CPU
		Release|Any CPU = Release|Any CPU
	EndGlobalSection
	GlobalSection(ProjectConfigurationPlatforms) = postSolution
		{02ACD107-54E8-4EBB-9EFA-1DF49E46256A}.Debug|Any CPU.ActiveCfg = Debug|Any CPU
		{02ACD107-54E8-4EBB-9EFA-1DF49E46256A}.Debug|Any CPU.Build.0 = Debug|Any CPU
		{02ACD107-54E8-4EBB-9EFA-1DF49E46256A}.Release|Any CPU.ActiveCfg = Release|Any CPU
		{02ACD107-54E8-4EBB-9EFA-1DF49E46256A}.Release|Any CPU.Build.0 = Release|Any CPU
	EndGlobalSection
	GlobalSection(SolutionProperties) = preSolution
		HideSolutionNode = FALSE
	EndGlobalSection
	GlobalSection(ExtensibilityGlobals) = postSolution
		SolutionGuid = {AD06052F-6929-4666-B59A-873DACF6C2BE}
	EndGlobalSection
EndGlobal
