
Microsoft Visual Studio Solution File, Format Version 12.00
# Visual Studio Version 17
VisualStudioVersion = 17.3.32929.385
MinimumVisualStudioVersion = 10.0.40219.1
Project("{9A19103F-16F7-4668-BE54-9A1E7A4F7556}") = "DemonFix", "DemonFix.csproj", "{1674C00A-1110-4F84-96ED-781761408872}"
EndProject
Global
	GlobalSection(SolutionConfigurationPlatforms) = preSolution
		Debug|Any CPU = Debug|Any CPU
		Release|Any CPU = Release|Any CPU
	EndGlobalSection
	GlobalSection(ProjectConfigurationPlatforms) = postSolution
		{1674C00A-1110-4F84-96ED-781761408872}.Debug|Any CPU.ActiveCfg = Debug|Any CPU
		{1674C00A-1110-4F84-96ED-781761408872}.Debug|Any CPU.Build.0 = Debug|Any CPU
		{1674C00A-1110-4F84-96ED-781761408872}.Release|Any CPU.ActiveCfg = Release|Any CPU
		{1674C00A-1110-4F84-96ED-781761408872}.Release|Any CPU.Build.0 = Release|Any CPU
	EndGlobalSection
	GlobalSection(SolutionProperties) = preSolution
		HideSolutionNode = FALSE
	EndGlobalSection
	GlobalSection(ExtensibilityGlobals) = postSolution
		SolutionGuid = {49B679BD-7513-47F4-9FF3-79006F4992F6}
	EndGlobalSection
EndGlobal
